// !$*UTF8*$!
{
	archiveVersion = 1;
	classes = {
	};
	objectVersion = 46;
	objects = {

/* Begin PBXBuildFile section */
		98BD3FB21C59D7F700E01A3E /* AppDelegate.swift in Sources */ = {isa = PBXBuildFile; fileRef = 98BD3FB11C59D7F700E01A3E /* AppDelegate.swift */; };
		98BD3FB41C59D7F700E01A3E /* ViewController.swift in Sources */ = {isa = PBXBuildFile; fileRef = 98BD3FB31C59D7F700E01A3E /* ViewController.swift */; };
		98BD3FB71C59D7F700E01A3E /* Main.storyboard in Resources */ = {isa = PBXBuildFile; fileRef = 98BD3FB51C59D7F700E01A3E /* Main.storyboard */; };
		98BD3FB91C59D7F700E01A3E /* Assets.xcassets in Resources */ = {isa = PBXBuildFile; fileRef = 98BD3FB81C59D7F700E01A3E /* Assets.xcassets */; };
		98BD3FBC1C59D7F700E01A3E /* LaunchScreen.storyboard in Resources */ = {isa = PBXBuildFile; fileRef = 98BD3FBA1C59D7F700E01A3E /* LaunchScreen.storyboard */; };
		98BD3FCB1C59D8A200E01A3E /* batsu.mp3 in Resources */ = {isa = PBXBuildFile; fileRef = 98BD3FC31C59D8A200E01A3E /* batsu.mp3 */; };
		98BD3FCC1C59D8A200E01A3E /* batsu.png in Resources */ = {isa = PBXBuildFile; fileRef = 98BD3FC41C59D8A200E01A3E /* batsu.png */; };
		98BD3FCD1C59D8A200E01A3E /* kekka.png in Resources */ = {isa = PBXBuildFile; fileRef = 98BD3FC51C59D8A200E01A3E /* kekka.png */; };
		98BD3FCE1C59D8A200E01A3E /* maru.jpeg in Resources */ = {isa = PBXBuildFile; fileRef = 98BD3FC61C59D8A200E01A3E /* maru.jpeg */; };
		98BD3FCF1C59D8A200E01A3E /* maru.mp3 in Resources */ = {isa = PBXBuildFile; fileRef = 98BD3FC71C59D8A200E01A3E /* maru.mp3 */; };
		98BD3FD01C59D8A200E01A3E /* qes.jpg in Resources */ = {isa = PBXBuildFile; fileRef = 98BD3FC81C59D8A200E01A3E /* qes.jpg */; };
		98BD3FD11C59D8A200E01A3E /* sei.png in Resources */ = {isa = PBXBuildFile; fileRef = 98BD3FC91C59D8A200E01A3E /* sei.png */; };
		98BD3FD21C59D8A200E01A3E /* zan.png in Resources */ = {isa = PBXBuildFile; fileRef = 98BD3FCA1C59D8A200E01A3E /* zan.png */; };
/* End PBXBuildFile section */

/* Begin PBXFileReference section */
		98BD3FAE1C59D7F700E01A3E /* QuizApp3.app */ = {isa = PBXFileReference; explicitFileType = wrapper.application; includeInIndex = 0; path = QuizApp3.app; sourceTree = BUILT_PRODUCTS_DIR; };
		98BD3FB11C59D7F700E01A3E /* AppDelegate.swift */ = {isa = PBXFileReference; lastKnownFileType = sourcecode.swift; path = AppDelegate.swift; sourceTree = "<group>"; };
		98BD3FB31C59D7F700E01A3E /* ViewController.swift */ = {isa = PBXFileReference; lastKnownFileType = sourcecode.swift; path = ViewController.swift; sourceTree = "<group>"; };
		98BD3FB61C59D7F700E01A3E /* Base */ = {isa = PBXFileReference; lastKnownFileType = file.storyboard; name = Base; path = Base.lproj/Main.storyboard; sourceTree = "<group>"; };
		98BD3FB81C59D7F700E01A3E /* Assets.xcassets */ = {isa = PBXFileReference; lastKnownFileType = folder.assetcatalog; path = Assets.xcassets; sourceTree = "<group>"; };
		98BD3FBB1C59D7F700E01A3E /* Base */ = {isa = PBXFileReference; lastKnownFileType = file.storyboard; name = Base; path = Base.lproj/LaunchScreen.storyboard; sourceTree = "<group>"; };
		98BD3FBD1C59D7F700E01A3E /* Info.plist */ = {isa = PBXFileReference; lastKnownFileType = text.plist.xml; path = Info.plist; sourceTree = "<group>"; };
		98BD3FC31C59D8A200E01A3E /* batsu.mp3 */ = {isa = PBXFileReference; lastKnownFileType = audio.mp3; path = batsu.mp3; sourceTree = "<group>"; };
		98BD3FC41C59D8A200E01A3E /* batsu.png */ = {isa = PBXFileReference; lastKnownFileType = image.png; path = batsu.png; sourceTree = "<group>"; };
		98BD3FC51C59D8A200E01A3E /* kekka.png */ = {isa = PBXFileReference; lastKnownFileType = image.png; path = kekka.png; sourceTree = "<group>"; };
		98BD3FC61C59D8A200E01A3E /* maru.jpeg */ = {isa = PBXFileReference; lastKnownFileType = image.jpeg; path = maru.jpeg; sourceTree = "<group>"; };
		98BD3FC71C59D8A200E01A3E /* maru.mp3 */ = {isa = PBXFileReference; lastKnownFileType = audio.mp3; path = maru.mp3; sourceTree = "<group>"; };
		98BD3FC81C59D8A200E01A3E /* qes.jpg */ = {isa = PBXFileReference; lastKnownFileType = image.jpeg; path = qes.jpg; sourceTree = "<group>"; };
		98BD3FC91C59D8A200E01A3E /* sei.png */ = {isa = PBXFileReference; lastKnownFileType = image.png; path = sei.png; sourceTree = "<group>"; };
		98BD3FCA1C59D8A200E01A3E /* zan.png */ = {isa = PBXFileReference; lastKnownFileType = image.png; path = zan.png; sourceTree = "<group>"; };
/* End PBXFileReference section */

/* Begin PBXFrameworksBuildPhase section */
		98BD3FAB1C59D7F700E01A3E /* Frameworks */ = {
			isa = PBXFrameworksBuildPhase;
			buildActionMask = 2147483647;
			files = (
			);
			runOnlyForDeploymentPostprocessing = 0;
		};
/* End PBXFrameworksBuildPhase section */

/* Begin PBXGroup section */
		98BD3FA51C59D7F700E01A3E = {
			isa = PBXGroup;
			children = (
				98BD3FB01C59D7F700E01A3E /* QuizApp3 */,
				98BD3FAF1C59D7F700E01A3E /* Products */,
			);
			sourceTree = "<group>";
		};
		98BD3FAF1C59D7F700E01A3E /* Products */ = {
			isa = PBXGroup;
			children = (
				98BD3FAE1C59D7F700E01A3E /* QuizApp3.app */,
			);
			name = Products;
			sourceTree = "<group>";
		};
		98BD3FB01C59D7F700E01A3E /* QuizApp3 */ = {
			isa = PBXGroup;
			children = (
				98BD3FB11C59D7F700E01A3E /* AppDelegate.swift */,
				98BD3FB31C59D7F700E01A3E /* ViewController.swift */,
				98BD3FB51C59D7F700E01A3E /* Main.storyboard */,
				98BD3FB81C59D7F700E01A3E /* Assets.xcassets */,
				98BD3FBA1C59D7F700E01A3E /* LaunchScreen.storyboard */,
				98BD3FBD1C59D7F700E01A3E /* Info.plist */,
				98BD3FC31C59D8A200E01A3E /* batsu.mp3 */,
				98BD3FC41C59D8A200E01A3E /* batsu.png */,
				98BD3FC51C59D8A200E01A3E /* kekka.png */,
				98BD3FC61C59D8A200E01A3E /* maru.jpeg */,
				98BD3FC71C59D8A200E01A3E /* maru.mp3 */,
				98BD3FC81C59D8A200E01A3E /* qes.jpg */,
				98BD3FC91C59D8A200E01A3E /* sei.png */,
				98BD3FCA1C59D8A200E01A3E /* zan.png */,
			);
			path = QuizApp3;
			sourceTree = "<group>";
		};
/* End PBXGroup section */

/* Begin PBXNativeTarget section */
		98BD3FAD1C59D7F700E01A3E /* QuizApp3 */ = {
			isa = PBXNativeTarget;
			buildConfigurationList = 98BD3FC01C59D7F700E01A3E /* Build configuration list for PBXNativeTarget "QuizApp3" */;
			buildPhases = (
				98BD3FAA1C59D7F700E01A3E /* Sources */,
				98BD3FAB1C59D7F700E01A3E /* Frameworks */,
				98BD3FAC1C59D7F700E01A3E /* Resources */,
			);
			buildRules = (
			);
			dependencies = (
			);
			name = QuizApp3;
			productName = QuizApp3;
			productReference = 98BD3FAE1C59D7F700E01A3E /* QuizApp3.app */;
			productType = "com.apple.product-type.application";
		};
/* End PBXNativeTarget section */

/* Begin PBXProject section */
		98BD3FA61C59D7F700E01A3E /* Project object */ = {
			isa = PBXProject;
			attributes = {
				LastSwiftUpdateCheck = 0720;
				LastUpgradeCheck = 0720;
				ORGANIZATIONNAME = tgaiacontentsdev;
				TargetAttributes = {
					98BD3FAD1C59D7F700E01A3E = {
						CreatedOnToolsVersion = 7.2;
					};
				};
			};
			buildConfigurationList = 98BD3FA91C59D7F700E01A3E /* Build configuration list for PBXProject "QuizApp3" */;
			compatibilityVersion = "Xcode 3.2";
			developmentRegion = English;
			hasScannedForEncodings = 0;
			knownRegions = (
				en,
				Base,
			);
			mainGroup = 98BD3FA51C59D7F700E01A3E;
			productRefGroup = 98BD3FAF1C59D7F700E01A3E /* Products */;
			projectDirPath = "";
			projectRoot = "";
			targets = (
				98BD3FAD1C59D7F700E01A3E /* QuizApp3 */,
			);
		};
/* End PBXProject section */

/* Begin PBXResourcesBuildPhase section */
		98BD3FAC1C59D7F700E01A3E /* Resources */ = {
			isa = PBXResourcesBuildPhase;
			buildActionMask = 2147483647;
			files = (
				98BD3FCC1C59D8A200E01A3E /* batsu.png in Resources */,
				98BD3FCD1C59D8A200E01A3E /* kekka.png in Resources */,
				98BD3FBC1C59D7F700E01A3E /* LaunchScreen.storyboard in Resources */,
				98BD3FD01C59D8A200E01A3E /* qes.jpg in Resources */,
				98BD3FCF1C59D8A200E01A3E /* maru.mp3 in Resources */,
				98BD3FB91C59D7F700E01A3E /* Assets.xcassets in Resources */,
				98BD3FCB1C59D8A200E01A3E /* batsu.mp3 in Resources */,
				98BD3FCE1C59D8A200E01A3E /* maru.jpeg in Resources */,
				98BD3FB71C59D7F700E01A3E /* Main.storyboard in Resources */,
				98BD3FD11C59D8A200E01A3E /* sei.png in Resources */,
				98BD3FD21C59D8A200E01A3E /* zan.png in Resources */,
			);
			runOnlyForDeploymentPostprocessing = 0;
		};
/* End PBXResourcesBuildPhase section */

/* Begin PBXSourcesBuildPhase section */
		98BD3FAA1C59D7F700E01A3E /* Sources */ = {
			isa = PBXSourcesBuildPhase;
			buildActionMask = 2147483647;
			files = (
				98BD3FB41C59D7F700E01A3E /* ViewController.swift in Sources */,
				98BD3FB21C59D7F700E01A3E /* AppDelegate.swift in Sources */,
			);
			runOnlyForDeploymentPostprocessing = 0;
		};
/* End PBXSourcesBuildPhase section */

/* Begin PBXVariantGroup section */
		98BD3FB51C59D7F700E01A3E /* Main.storyboard */ = {
			isa = PBXVariantGroup;
			children = (
				98BD3FB61C59D7F700E01A3E /* Base */,
			);
			name = Main.storyboard;
			sourceTree = "<group>";
		};
		98BD3FBA1C59D7F700E01A3E /* LaunchScreen.storyboard */ = {
			isa = PBXVariantGroup;
			children = (
				98BD3FBB1C59D7F700E01A3E /* Base */,
			);
			name = LaunchScreen.storyboard;
			sourceTree = "<group>";
		};
/* End PBXVariantGroup section */

/* Begin XCBuildConfiguration section */
		98BD3FBE1C59D7F700E01A3E /* Debug */ = {
			isa = XCBuildConfiguration;
			buildSettings = {
				ALWAYS_SEARCH_USER_PATHS = NO;
				CLANG_CXX_LANGUAGE_STANDARD = "gnu++0x";
				CLANG_CXX_LIBRARY = "libc++";
				CLANG_ENABLE_MODULES = YES;
				CLANG_ENABLE_OBJC_ARC = YES;
				CLANG_WARN_BOOL_CONVERSION = YES;
				CLANG_WARN_CONSTANT_CONVERSION = YES;
				CLANG_WARN_DIRECT_OBJC_ISA_USAGE = YES_ERROR;
				CLANG_WARN_EMPTY_BODY = YES;
				CLANG_WARN_ENUM_CONVERSION = YES;
				CLANG_WARN_INT_CONVERSION = YES;
				CLANG_WARN_OBJC_ROOT_CLASS = YES_ERROR;
				CLANG_WARN_UNREACHABLE_CODE = YES;
				CLANG_WARN__DUPLICATE_METHOD_MATCH = YES;
				"CODE_SIGN_IDENTITY[sdk=iphoneos*]" = "iPhone Developer";
				COPY_PHASE_STRIP = NO;
				DEBUG_INFORMATION_FORMAT = dwarf;
				ENABLE_STRICT_OBJC_MSGSEND = YES;
				ENABLE_TESTABILITY = YES;
				GCC_C_LANGUAGE_STANDARD = gnu99;
				GCC_DYNAMIC_NO_PIC = NO;
				GCC_NO_COMMON_BLOCKS = YES;
				GCC_OPTIMIZATION_LEVEL = 0;
				GCC_PREPROCESSOR_DEFINITIONS = (
					"DEBUG=1",
					"$(inherited)",
				);
				GCC_WARN_64_TO_32_BIT_CONVERSION = YES;
				GCC_WARN_ABOUT_RETURN_TYPE = YES_ERROR;
				GCC_WARN_UNDECLARED_SELECTOR = YES;
				GCC_WARN_UNINITIALIZED_AUTOS = YES_AGGRESSIVE;
				GCC_WARN_UNUSED_FUNCTION = YES;
				GCC_WARN_UNUSED_VARIABLE = YES;
				IPHONEOS_DEPLOYMENT_TARGET = 9.2;
				MTL_ENABLE_DEBUG_INFO = YES;
				ONLY_ACTIVE_ARCH = YES;
				SDKROOT = iphoneos;
				SWIFT_OPTIMIZATION_LEVEL = "-Onone";
			};
			name = Debug;
		};
		98BD3FBF1C59D7F700E01A3E /* Release */ = {
			isa = XCBuildConfiguration;
			buildSettings = {
				ALWAYS_SEARCH_USER_PATHS = NO;
				CLANG_CXX_LANGUAGE_STANDARD = "gnu++0x";
				CLANG_CXX_LIBRARY = "libc++";
				CLANG_ENABLE_MODULES = YES;
				CLANG_ENABLE_OBJC_ARC = YES;
				CLANG_WARN_BOOL_CONVERSION = YES;
				CLANG_WARN_CONSTANT_CONVERSION = YES;
				CLANG_WARN_DIRECT_OBJC_ISA_USAGE = YES_ERROR;
				CLANG_WARN_EMPTY_BODY = YES;
				CLANG_WARN_ENUM_CONVERSION = YES;
				CLANG_WARN_INT_CONVERSION = YES;
				CLANG_WARN_OBJC_ROOT_CLASS = YES_ERROR;
				CLANG_WARN_UNREACHABLE_CODE = YES;
				CLANG_WARN__DUPLICATE_METHOD_MATCH = YES;
				"CODE_SIGN_IDENTITY[sdk=iphoneos*]" = "iPhone Developer";
				COPY_PHASE_STRIP = NO;
				DEBUG_INFORMATION_FORMAT = "dwarf-with-dsym";
				ENABLE_NS_ASSERTIONS = NO;
				ENABLE_STRICT_OBJC_MSGSEND = YES;
				GCC_C_LANGUAGE_STANDARD = gnu99;
				GCC_NO_COMMON_BLOCKS = YES;
				GCC_WARN_64_TO_32_BIT_CONVERSION = YES;
				GCC_WARN_ABOUT_RETURN_TYPE = YES_ERROR;
				GCC_WARN_UNDECLARED_SELECTOR = YES;
				GCC_WARN_UNINITIALIZED_AUTOS = YES_AGGRESSIVE;
				GCC_WARN_UNUSED_FUNCTION = YES;
				GCC_WARN_UNUSED_VARIABLE = YES;
				IPHONEOS_DEPLOYMENT_TARGET = 9.2;
				MTL_ENABLE_DEBUG_INFO = NO;
				SDKROOT = iphoneos;
				VALIDATE_PRODUCT = YES;
			};
			name = Release;
		};
		98BD3FC11C59D7F700E01A3E /* Debug */ = {
			isa = XCBuildConfiguration;
			buildSettings = {
				ASSETCATALOG_COMPILER_APPICON_NAME = AppIcon;
				INFOPLIST_FILE = QuizApp3/Info.plist;
				LD_RUNPATH_SEARCH_PATHS = "$(inherited) @executable_path/Frameworks";
				PRODUCT_BUNDLE_IDENTIFIER = jp.techacademy.QuizApp3;
				PRODUCT_NAME = "$(TARGET_NAME)";
			};
			name = Debug;
		};
		98BD3FC21C59D7F700E01A3E /* Release */ = {
			isa = XCBuildConfiguration;
			buildSettings = {
				ASSETCATALOG_COMPILER_APPICON_NAME = AppIcon;
				INFOPLIST_FILE = QuizApp3/Info.plist;
				LD_RUNPATH_SEARCH_PATHS = "$(inherited) @executable_path/Frameworks";
				PRODUCT_BUNDLE_IDENTIFIER = jp.techacademy.QuizApp3;
				PRODUCT_NAME = "$(TARGET_NAME)";
			};
			name = Release;
		};
/* End XCBuildConfiguration section */

/* Begin XCConfigurationList section */
		98BD3FA91C59D7F700E01A3E /* Build configuration list for PBXProject "QuizApp3" */ = {
			isa = XCConfigurationList;
			buildConfigurations = (
				98BD3FBE1C59D7F700E01A3E /* Debug */,
				98BD3FBF1C59D7F700E01A3E /* Release */,
			);
			defaultConfigurationIsVisible = 0;
			defaultConfigurationName = Release;
		};
		98BD3FC01C59D7F700E01A3E /* Build configuration list for PBXNativeTarget "QuizApp3" */ = {
			isa = XCConfigurationList;
			buildConfigurations = (
				98BD3FC11C59D7F700E01A3E /* Debug */,
				98BD3FC21C59D7F700E01A3E /* Release */,
			);
			defaultConfigurationIsVisible = 0;
		};
/* End XCConfigurationList section */
	};
	rootObject = 98BD3FA61C59D7F700E01A3E /* Project object */;
}
